// !$*UTF8*$!
{
	archiveVersion = 1;
	classes = {
	};
	objectVersion = 77;
	objects = {

/* Begin PBXBuildFile section */
		00921780015C7C463869A1E9 /* CountryCanonicalizer.swift in Sources */ = {isa = PBXBuildFile; fileRef = 93E2F4FC5143D3528581AAB5 /* CountryCanonicalizer.swift */; };
		03461155119042D6739D7619 /* WanderEnums.swift in Sources */ = {isa = PBXBuildFile; fileRef = 038D4985674B1D969110954F /* WanderEnums.swift */; };
		05CD519FB3F114E951C4D2DE /* LinkPlaceParser.swift in Sources */ = {isa = PBXBuildFile; fileRef = 86041408E563554B57347025 /* LinkPlaceParser.swift */; };
		06454DA85E1AFBEE71EBCA2D /* ProfileEditScreen.swift in Sources */ = {isa = PBXBuildFile; fileRef = 2F6E53AF7F6E50A969880C4C /* ProfileEditScreen.swift */; };
		091449D11FBA897F223C76C9 /* PhotoPlaceTextExtractorTests.swift in Sources */ = {isa = PBXBuildFile; fileRef = 2F7C135DE60BED317B033C7E /* PhotoPlaceTextExtractorTests.swift */; };
		09CE52B8DBA9E3B313E86B4C /* WanderPlaceCategory.swift in Sources */ = {isa = PBXBuildFile; fileRef = 6E38429E654223C87319C7AB /* WanderPlaceCategory.swift */; };
		0E8F681583533012E44915CC /* BoundaryImportTests.swift in Sources */ = {isa = PBXBuildFile; fileRef = D34EA36529858ADD6C880DAE /* BoundaryImportTests.swift */; };
		11CAC84A6F513A131FA36181 /* WanderDebugLog.swift in Sources */ = {isa = PBXBuildFile; fileRef = E635EA909370EB6D597D27AC /* WanderDebugLog.swift */; };
		13E38F0F2359AD89CE1F8C7D /* VisibilityPolicyTests.swift in Sources */ = {isa = PBXBuildFile; fileRef = C1AFBD6D06D23BC0C007F77C /* VisibilityPolicyTests.swift */; };
		13E758A98CE1235F8E35D5C9 /* SettingsScreen.swift in Sources */ = {isa = PBXBuildFile; fileRef = A090198414BF253FB326D960 /* SettingsScreen.swift */; };
		16C50D466E2E66EA03E038C4 /* ProfileInsightsPresenterTests.swift in Sources */ = {isa = PBXBuildFile; fileRef = 7B8BAADA0C34354EB278F466 /* ProfileInsightsPresenterTests.swift */; };
		1892B85AE93D8064CAA26A43 /* WanderRootView.swift in Sources */ = {isa = PBXBuildFile; fileRef = 12893CD9516BC58FD7D3BE43 /* WanderRootView.swift */; };
		1B5F7AE1882A1C2C51D99E92 /* WanderBackend.swift in Sources */ = {isa = PBXBuildFile; fileRef = E850341A28B18117631F62F5 /* WanderBackend.swift */; };
		1B7020D5DE060F6868A92ED9 /* DiscoverModels.swift in Sources */ = {isa = PBXBuildFile; fileRef = ECAA1872AD66E4F03247D987 /* DiscoverModels.swift */; };
		1C59AF053BAE53C75405C6A7 /* ClerkAuthService.swift in Sources */ = {isa = PBXBuildFile; fileRef = 02D27520DAC65997D04CDE1B /* ClerkAuthService.swift */; };
		1EE3B1F3E6390358B764C2BE /* ProfileOwnerHome.swift in Sources */ = {isa = PBXBuildFile; fileRef = 37422B8F2E5F0D4CBE2C20BA /* ProfileOwnerHome.swift */; };
		1F0D588284A12A308B3E26A4 /* PostHog in Frameworks */ = {isa = PBXBuildFile; productRef = CF6EFF560365043CF67F3324 /* PostHog */; };
		20FEE2E3747CBDB49F6500D1 /* PlaceRatingSlider.swift in Sources */ = {isa = PBXBuildFile; fileRef = E04C498EA555370C671CD904 /* PlaceRatingSlider.swift */; };
		25D95FE2C19A7AC94B8FAF01 /* PlaceProfilePresentationTests.swift in Sources */ = {isa = PBXBuildFile; fileRef = 3C27E1F825871B306B970668 /* PlaceProfilePresentationTests.swift */; };
		26573736780BA54719E0F7EC /* LinkPlaceParserTests.swift in Sources */ = {isa = PBXBuildFile; fileRef = 5CFDAE87A1D0B86C01D2FFC2 /* LinkPlaceParserTests.swift */; };
		2E4B3E45711537662297A152 /* ListsScreen.swift in Sources */ = {isa = PBXBuildFile; fileRef = 0DA94EC62E68038D903E3501 /* ListsScreen.swift */; };
		2EB296C93578FE337D715ED9 /* LocalListModels.swift in Sources */ = {isa = PBXBuildFile; fileRef = F99048FDB3AD3D79FB6B853D /* LocalListModels.swift */; };
		2EC61D518D9913AD24235D5B /* AddQuestionTemplates.swift in Sources */ = {isa = PBXBuildFile; fileRef = A28E93E5F5EB428888C45B36 /* AddQuestionTemplates.swift */; };
		2FCACFADB44361B7435C5793 /* Supabase in Frameworks */ = {isa = PBXBuildFile; productRef = 9166766790578B44B8D3597A /* Supabase */; };
		356FDFF2DB88012D0DB2AA7A /* PushNotificationManager.swift in Sources */ = {isa = PBXBuildFile; fileRef = 3A8893E8CF16E21653DE03BA /* PushNotificationManager.swift */; };
		3CF5CCC68B3176026CC6C517 /* WanderTheme.swift in Sources */ = {isa = PBXBuildFile; fileRef = 1B3AB5F19E8F9650C9E32C1B /* WanderTheme.swift */; };
		3DA817E338E98E7ED70B1A67 /* ClerkKitUI in Frameworks */ = {isa = PBXBuildFile; productRef = F81D752928A4F01332482548 /* ClerkKitUI */; };
		4852690B9E162276A1564F4A /* NavigationContractTests.swift in Sources */ = {isa = PBXBuildFile; fileRef = 15482C29796B02CF92D9B5AD /* NavigationContractTests.swift */; };
		494E2C67824F5DC9AFBDC46C /* WanderFixtures.swift in Sources */ = {isa = PBXBuildFile; fileRef = C00EA2E6F128127B2CED014D /* WanderFixtures.swift */; };
		52B8AC44581CEA630201DEB3 /* SyncStateMachine.swift in Sources */ = {isa = PBXBuildFile; fileRef = C0925F17F5640CFD88F70EBA /* SyncStateMachine.swift */; };
		52D02001E5ABD10E7917EFFF /* VisitPhotoLocalFileStore.swift in Sources */ = {isa = PBXBuildFile; fileRef = 8BC421EE589B4FAAD045DA9E /* VisitPhotoLocalFileStore.swift */; };
		540000F274D1FCB982BDC69F /* PlaceActivityMockups.swift in Sources */ = {isa = PBXBuildFile; fileRef = D54C8EF64A2C7C57ACBFFFAB /* PlaceActivityMockups.swift */; };
		585EF6A4AC3B56563BD53412 /* MapHitTestingTests.swift in Sources */ = {isa = PBXBuildFile; fileRef = 7BE64DFF9AC91875DFF2BD0E /* MapHitTestingTests.swift */; };
		5E4B71CB254F3580D462444C /* WanderStorePersistence.swift in Sources */ = {isa = PBXBuildFile; fileRef = 8930E1796F6C94740DFFF448 /* WanderStorePersistence.swift */; };
		624B7434FC70AF6F3EE1EB94 /* ProfileAvatarStorage.swift in Sources */ = {isa = PBXBuildFile; fileRef = 3993D0CE7A907E02E0B1A590 /* ProfileAvatarStorage.swift */; };
		63D03A5DB6608EC245B1087E /* RemoteRepositoryTests.swift in Sources */ = {isa = PBXBuildFile; fileRef = 38B79CCA80D059C362EF9946 /* RemoteRepositoryTests.swift */; };
		64E0C0CFA76A1B6E6B093734 /* ProfileSocialGraphScreen.swift in Sources */ = {isa = PBXBuildFile; fileRef = A1D4B71B065016C4A086B3CC /* ProfileSocialGraphScreen.swift */; };
		6C035ED0288DBF6D7F44666C /* WanderStoreTests.swift in Sources */ = {isa = PBXBuildFile; fileRef = 2F1CF8668571F118A931FD44 /* WanderStoreTests.swift */; };
		6E92ECEF915365AE40170F7E /* AnalyticsEvent.swift in Sources */ = {isa = PBXBuildFile; fileRef = DE62D76C9EC89546850909A7 /* AnalyticsEvent.swift */; };
		6F22AE424BA53E5AC8514E7A /* ProfileRedesignMockups.swift in Sources */ = {isa = PBXBuildFile; fileRef = 466618F8405CE4321114C0D7 /* ProfileRedesignMockups.swift */; };
		73924B066BD7D0F8917C6F09 /* WanderPlaceCategoryTests.swift in Sources */ = {isa = PBXBuildFile; fileRef = A6ED62905F6326D6F0D2246E /* WanderPlaceCategoryTests.swift */; };
		74A35271B61D71C5E6823428 /* DiscoverParserTests.swift in Sources */ = {isa = PBXBuildFile; fileRef = 260AFCEFE1676DA113FBED9A /* DiscoverParserTests.swift */; };
		7AE6B55E9D5E343894865F0B /* ExtractionCandidateFilterTests.swift in Sources */ = {isa = PBXBuildFile; fileRef = AE9E0413D74DC5421A150467 /* ExtractionCandidateFilterTests.swift */; };
		7EAAF1336D42DE0DB9D236F9 /* AddScreen.swift in Sources */ = {isa = PBXBuildFile; fileRef = AB7720F9AA05786E6D66C6D1 /* AddScreen.swift */; };
		802B6E19ED265CAD0AE34C82 /* SyncStateMachineTests.swift in Sources */ = {isa = PBXBuildFile; fileRef = 7B4A6B29FC1235EFF60DA19D /* SyncStateMachineTests.swift */; };
		812F84570207D139A528319C /* DiscoverScreen.swift in Sources */ = {isa = PBXBuildFile; fileRef = 0322598C99E44A8C80A90F4E /* DiscoverScreen.swift */; };
		85AADE6CC89E67EF821CA62E /* PhotoPlaceTextExtractor.swift in Sources */ = {isa = PBXBuildFile; fileRef = D5A0C8AFCFBDE5C371CED21E /* PhotoPlaceTextExtractor.swift */; };
		89DD4F9F93B8FFA91B6B350B /* PlaceExternalLinks.swift in Sources */ = {isa = PBXBuildFile; fileRef = 56F0D3D160FF8337D43E3C2F /* PlaceExternalLinks.swift */; };
		8C199C879B404C2660D9571D /* ProfileInsightsPresenter.swift in Sources */ = {isa = PBXBuildFile; fileRef = 32385DF4A2C769C69C78156B /* ProfileInsightsPresenter.swift */; };
		8FC6E5AF64993C4B3DB8C4E9 /* PlaceRating.swift in Sources */ = {isa = PBXBuildFile; fileRef = E4753F17DA5C73EB4353038E /* PlaceRating.swift */; };
		940CAA6829765C20043647D3 /* BuildConfigurationTests.swift in Sources */ = {isa = PBXBuildFile; fileRef = C3ACC5DD4963E929A9354E95 /* BuildConfigurationTests.swift */; };
		9783D57D5D22581B19B01C05 /* MapKitPlaceResolver.swift in Sources */ = {isa = PBXBuildFile; fileRef = 9C22D299879CD27950355753 /* MapKitPlaceResolver.swift */; };
		9800E02122FDAD2796619FC8 /* WanderLocalStore.swift in Sources */ = {isa = PBXBuildFile; fileRef = F24FC798DA90E577118B4BAA /* WanderLocalStore.swift */; };
		9A2B61C3874341AE3A94072F /* SharedVisitComponents.swift in Sources */ = {isa = PBXBuildFile; fileRef = F34E2861127F5EE79AF8571A /* SharedVisitComponents.swift */; };
		9B51E6EC8F138E5DA3ACC16C /* AuthGateSheet.swift in Sources */ = {isa = PBXBuildFile; fileRef = 50BCB996310F4905E98BAAFE /* AuthGateSheet.swift */; };
		9B649999DC81D7A85B0A478F /* ProfileSettingsViews.swift in Sources */ = {isa = PBXBuildFile; fileRef = B89937E9DB59F5F45ECC5375 /* ProfileSettingsViews.swift */; };
		9BDDE72CA80B33CAFC0EFD17 /* Assets.xcassets in Resources */ = {isa = PBXBuildFile; fileRef = D6A18F74DCFE0F295B598171 /* Assets.xcassets */; };
		9C15BF59C16941E63DE71FF0 /* MapRegionFitterTests.swift in Sources */ = {isa = PBXBuildFile; fileRef = 3697512B32B506276A012FE2 /* MapRegionFitterTests.swift */; };
		9FBB0F26F26D0A3C74556000 /* PlaceProfilePresentation.swift in Sources */ = {isa = PBXBuildFile; fileRef = 8DCCB983B40D252D8030F830 /* PlaceProfilePresentation.swift */; };
		A336C5CBD69909715BC3730D /* PlaceProfileMapSurface.swift in Sources */ = {isa = PBXBuildFile; fileRef = A71C4596873A503C9978BFC8 /* PlaceProfileMapSurface.swift */; };
		A56DA6AA1F21129F21800DED /* AuthSessionProviding.swift in Sources */ = {isa = PBXBuildFile; fileRef = 17F89709D2B0AA70D438C03C /* AuthSessionProviding.swift */; };
		A586AFE40AEFCE74B711BAA5 /* RepositoryProtocols.swift in Sources */ = {isa = PBXBuildFile; fileRef = 0E9E2D335495DCCA3943A885 /* RepositoryProtocols.swift */; };
		A8710E56BE6DB7AA89C9AD66 /* ContactProvider.swift in Sources */ = {isa = PBXBuildFile; fileRef = D5665DF2A481AC9A45CE315E /* ContactProvider.swift */; };
		AD4AA98EFE3113857F5A9854 /* MapRegionFitter.swift in Sources */ = {isa = PBXBuildFile; fileRef = F2FCB4F57A21DA1C9CBAA1AD /* MapRegionFitter.swift */; };
		AF13291EF0063A544605486A /* PlaceExternalLinksTests.swift in Sources */ = {isa = PBXBuildFile; fileRef = 9E7CF0A6F81DB6C5DAFC4B17 /* PlaceExternalLinksTests.swift */; };
		AF5D0849C43DDC7D8AA7A9BF /* LocalModels.swift in Sources */ = {isa = PBXBuildFile; fileRef = CED7D1302D938DD4775E8816 /* LocalModels.swift */; };
		B84BABB0A3FC62E816F68710 /* PostHogAnalyticsClient.swift in Sources */ = {isa = PBXBuildFile; fileRef = D1A3B6E88CE5E045D8FA3403 /* PostHogAnalyticsClient.swift */; };
		BC07AB3F1E3B95100DB6F3F0 /* MapScreen.swift in Sources */ = {isa = PBXBuildFile; fileRef = CF55A883DB97E39A4A2D85F2 /* MapScreen.swift */; };
		BC27BD6C9E2995A175F52958 /* ProfileMetadataTagParserTests.swift in Sources */ = {isa = PBXBuildFile; fileRef = CF4AB698D7C8717206FB36A4 /* ProfileMetadataTagParserTests.swift */; };
		C04D00FF2C508036A0003D84 /* ProfileAvatarStorageTests.swift in Sources */ = {isa = PBXBuildFile; fileRef = B35E9F94446528E07DA24AD9 /* ProfileAvatarStorageTests.swift */; };
		C212DC4C46E67610E6FE2A94 /* ProfileScreen.swift in Sources */ = {isa = PBXBuildFile; fileRef = 5A4CBE5F7AC41BC3C52B6337 /* ProfileScreen.swift */; };
		C685CB14B12B2AFDFC9F4EAB /* WanderBackendConfiguration.swift in Sources */ = {isa = PBXBuildFile; fileRef = DC06C31D2307BD2324467750 /* WanderBackendConfiguration.swift */; };
		C8D2FFF66F5C88B37018FFBC /* AuthSessionTests.swift in Sources */ = {isa = PBXBuildFile; fileRef = 34977B260344994771BCC93E /* AuthSessionTests.swift */; };
		D127EAD44B01688CDA0D55D2 /* WanderShareButton.swift in Sources */ = {isa = PBXBuildFile; fileRef = 77C1142E68C7909C2F8E4AFB /* WanderShareButton.swift */; };
		D659F5CBC1EEB692D6216008 /* VisibilityPolicy.swift in Sources */ = {isa = PBXBuildFile; fileRef = EFBB1E0FFAE279FBB7C42FEF /* VisibilityPolicy.swift */; };
		D74C628657DB5DC13C5CB1ED /* CategoryTaxonomyMockups.swift in Sources */ = {isa = PBXBuildFile; fileRef = 14E5D0878CAA5887921E1ED1 /* CategoryTaxonomyMockups.swift */; };
		DB1ADA31521F086BAA7D9A92 /* WanderSupabaseClient.swift in Sources */ = {isa = PBXBuildFile; fileRef = 82E12138B68E0CBFA73B271D /* WanderSupabaseClient.swift */; };
		DF7751B0E499B150900F2027 /* ClerkKit in Frameworks */ = {isa = PBXBuildFile; productRef = 8988486B1914A6E2FBB405A6 /* ClerkKit */; };
		E4B474B631166BEA26F3C833 /* SupabaseDTOs.swift in Sources */ = {isa = PBXBuildFile; fileRef = 21979B6601194E839F12552D /* SupabaseDTOs.swift */; };
		E675767BE5C249B99B816B74 /* WanderApp.swift in Sources */ = {isa = PBXBuildFile; fileRef = 0078639327C81EA5F98400B4 /* WanderApp.swift */; };
		F1A980E1C39359FCE8D7495D /* ThemeTokenTests.swift in Sources */ = {isa = PBXBuildFile; fileRef = 3B8C1F5EB6AF68AB6C4BAE54 /* ThemeTokenTests.swift */; };
		FDC3BBDAB70F2C27C113113B /* SupabaseRepositories.swift in Sources */ = {isa = PBXBuildFile; fileRef = 10F65E6837895B0A19DDFAB2 /* SupabaseRepositories.swift */; };
/* End PBXBuildFile section */

/* Begin PBXContainerItemProxy section */
		D1BA836BC8EBA25E01F6F554 /* PBXContainerItemProxy */ = {
			isa = PBXContainerItemProxy;
			containerPortal = 15ACB6487E48F756B4649314 /* Project object */;
			proxyType = 1;
			remoteGlobalIDString = DAEABFB4D177DCC30394FDDE;
			remoteInfo = Wander;
		};
/* End PBXContainerItemProxy section */

/* Begin PBXFileReference section */
		0078639327C81EA5F98400B4 /* WanderApp.swift */ = {isa = PBXFileReference; lastKnownFileType = sourcecode.swift; path = WanderApp.swift; sourceTree = "<group>"; };
		02D27520DAC65997D04CDE1B /* ClerkAuthService.swift */ = {isa = PBXFileReference; lastKnownFileType = sourcecode.swift; path = ClerkAuthService.swift; sourceTree = "<group>"; };
		0322598C99E44A8C80A90F4E /* DiscoverScreen.swift */ = {isa = PBXFileReference; lastKnownFileType = sourcecode.swift; path = DiscoverScreen.swift; sourceTree = "<group>"; };
		038D4985674B1D969110954F /* WanderEnums.swift */ = {isa = PBXFileReference; lastKnownFileType = sourcecode.swift; path = WanderEnums.swift; sourceTree = "<group>"; };
		0DA94EC62E68038D903E3501 /* ListsScreen.swift */ = {isa = PBXFileReference; lastKnownFileType = sourcecode.swift; path = ListsScreen.swift; sourceTree = "<group>"; };
		0E9E2D335495DCCA3943A885 /* RepositoryProtocols.swift */ = {isa = PBXFileReference; lastKnownFileType = sourcecode.swift; path = RepositoryProtocols.swift; sourceTree = "<group>"; };
		10F65E6837895B0A19DDFAB2 /* SupabaseRepositories.swift */ = {isa = PBXFileReference; lastKnownFileType = sourcecode.swift; path = SupabaseRepositories.swift; sourceTree = "<group>"; };
		12893CD9516BC58FD7D3BE43 /* WanderRootView.swift */ = {isa = PBXFileReference; lastKnownFileType = sourcecode.swift; path = WanderRootView.swift; sourceTree = "<group>"; };
		14E5D0878CAA5887921E1ED1 /* CategoryTaxonomyMockups.swift */ = {isa = PBXFileReference; lastKnownFileType = sourcecode.swift; path = CategoryTaxonomyMockups.swift; sourceTree = "<group>"; };
		15482C29796B02CF92D9B5AD /* NavigationContractTests.swift */ = {isa = PBXFileReference; lastKnownFileType = sourcecode.swift; path = NavigationContractTests.swift; sourceTree = "<group>"; };
		17F89709D2B0AA70D438C03C /* AuthSessionProviding.swift */ = {isa = PBXFileReference; lastKnownFileType = sourcecode.swift; path = AuthSessionProviding.swift; sourceTree = "<group>"; };
		1B3AB5F19E8F9650C9E32C1B /* WanderTheme.swift */ = {isa = PBXFileReference; lastKnownFileType = sourcecode.swift; path = WanderTheme.swift; sourceTree = "<group>"; };
		21979B6601194E839F12552D /* SupabaseDTOs.swift */ = {isa = PBXFileReference; lastKnownFileType = sourcecode.swift; path = SupabaseDTOs.swift; sourceTree = "<group>"; };
		260AFCEFE1676DA113FBED9A /* DiscoverParserTests.swift */ = {isa = PBXFileReference; lastKnownFileType = sourcecode.swift; path = DiscoverParserTests.swift; sourceTree = "<group>"; };
		2F1CF8668571F118A931FD44 /* WanderStoreTests.swift */ = {isa = PBXFileReference; lastKnownFileType = sourcecode.swift; path = WanderStoreTests.swift; sourceTree = "<group>"; };
		2F6E53AF7F6E50A969880C4C /* ProfileEditScreen.swift */ = {isa = PBXFileReference; lastKnownFileType = sourcecode.swift; path = ProfileEditScreen.swift; sourceTree = "<group>"; };
		2F7C135DE60BED317B033C7E /* PhotoPlaceTextExtractorTests.swift */ = {isa = PBXFileReference; lastKnownFileType = sourcecode.swift; path = PhotoPlaceTextExtractorTests.swift; sourceTree = "<group>"; };
		317CB1CBE1C6774523775204 /* WanderTests.xctest */ = {isa = PBXFileReference; includeInIndex = 0; lastKnownFileType = wrapper.cfbundle; path = WanderTests.xctest; sourceTree = BUILT_PRODUCTS_DIR; };
		32385DF4A2C769C69C78156B /* ProfileInsightsPresenter.swift */ = {isa = PBXFileReference; lastKnownFileType = sourcecode.swift; path = ProfileInsightsPresenter.swift; sourceTree = "<group>"; };
		34977B260344994771BCC93E /* AuthSessionTests.swift */ = {isa = PBXFileReference; lastKnownFileType = sourcecode.swift; path = AuthSessionTests.swift; sourceTree = "<group>"; };
		3697512B32B506276A012FE2 /* MapRegionFitterTests.swift */ = {isa = PBXFileReference; lastKnownFileType = sourcecode.swift; path = MapRegionFitterTests.swift; sourceTree = "<group>"; };
		37422B8F2E5F0D4CBE2C20BA /* ProfileOwnerHome.swift */ = {isa = PBXFileReference; lastKnownFileType = sourcecode.swift; path = ProfileOwnerHome.swift; sourceTree = "<group>"; };
		38B79CCA80D059C362EF9946 /* RemoteRepositoryTests.swift */ = {isa = PBXFileReference; lastKnownFileType = sourcecode.swift; path = RemoteRepositoryTests.swift; sourceTree = "<group>"; };
		3993D0CE7A907E02E0B1A590 /* ProfileAvatarStorage.swift */ = {isa = PBXFileReference; lastKnownFileType = sourcecode.swift; path = ProfileAvatarStorage.swift; sourceTree = "<group>"; };
		3A8893E8CF16E21653DE03BA /* PushNotificationManager.swift */ = {isa = PBXFileReference; lastKnownFileType = sourcecode.swift; path = PushNotificationManager.swift; sourceTree = "<group>"; };
		3B8C1F5EB6AF68AB6C4BAE54 /* ThemeTokenTests.swift */ = {isa = PBXFileReference; lastKnownFileType = sourcecode.swift; path = ThemeTokenTests.swift; sourceTree = "<group>"; };
		3C27E1F825871B306B970668 /* PlaceProfilePresentationTests.swift */ = {isa = PBXFileReference; lastKnownFileType = sourcecode.swift; path = PlaceProfilePresentationTests.swift; sourceTree = "<group>"; };
		466618F8405CE4321114C0D7 /* ProfileRedesignMockups.swift */ = {isa = PBXFileReference; lastKnownFileType = sourcecode.swift; path = ProfileRedesignMockups.swift; sourceTree = "<group>"; };
		50BCB996310F4905E98BAAFE /* AuthGateSheet.swift */ = {isa = PBXFileReference; lastKnownFileType = sourcecode.swift; path = AuthGateSheet.swift; sourceTree = "<group>"; };
		56F0D3D160FF8337D43E3C2F /* PlaceExternalLinks.swift */ = {isa = PBXFileReference; lastKnownFileType = sourcecode.swift; path = PlaceExternalLinks.swift; sourceTree = "<group>"; };
		5A4CBE5F7AC41BC3C52B6337 /* ProfileScreen.swift */ = {isa = PBXFileReference; lastKnownFileType = sourcecode.swift; path = ProfileScreen.swift; sourceTree = "<group>"; };
		5CFDAE87A1D0B86C01D2FFC2 /* LinkPlaceParserTests.swift */ = {isa = PBXFileReference; lastKnownFileType = sourcecode.swift; path = LinkPlaceParserTests.swift; sourceTree = "<group>"; };
		6E38429E654223C87319C7AB /* WanderPlaceCategory.swift */ = {isa = PBXFileReference; lastKnownFileType = sourcecode.swift; path = WanderPlaceCategory.swift; sourceTree = "<group>"; };
		70527AF1590BEF9CB781A16D /* Wander.entitlements */ = {isa = PBXFileReference; lastKnownFileType = text.plist.entitlements; path = Wander.entitlements; sourceTree = "<group>"; };
		77C1142E68C7909C2F8E4AFB /* WanderShareButton.swift */ = {isa = PBXFileReference; lastKnownFileType = sourcecode.swift; path = WanderShareButton.swift; sourceTree = "<group>"; };
		7A02BE0AE86E482916C8F103 /* Wander.app */ = {isa = PBXFileReference; includeInIndex = 0; lastKnownFileType = wrapper.application; path = Wander.app; sourceTree = BUILT_PRODUCTS_DIR; };
		7B4A6B29FC1235EFF60DA19D /* SyncStateMachineTests.swift */ = {isa = PBXFileReference; lastKnownFileType = sourcecode.swift; path = SyncStateMachineTests.swift; sourceTree = "<group>"; };
		7B8BAADA0C34354EB278F466 /* ProfileInsightsPresenterTests.swift */ = {isa = PBXFileReference; lastKnownFileType = sourcecode.swift; path = ProfileInsightsPresenterTests.swift; sourceTree = "<group>"; };
		7BE64DFF9AC91875DFF2BD0E /* MapHitTestingTests.swift */ = {isa = PBXFileReference; lastKnownFileType = sourcecode.swift; path = MapHitTestingTests.swift; sourceTree = "<group>"; };
		82E12138B68E0CBFA73B271D /* WanderSupabaseClient.swift */ = {isa = PBXFileReference; lastKnownFileType = sourcecode.swift; path = WanderSupabaseClient.swift; sourceTree = "<group>"; };
		86041408E563554B57347025 /* LinkPlaceParser.swift */ = {isa = PBXFileReference; lastKnownFileType = sourcecode.swift; path = LinkPlaceParser.swift; sourceTree = "<group>"; };
		8930E1796F6C94740DFFF448 /* WanderStorePersistence.swift */ = {isa = PBXFileReference; lastKnownFileType = sourcecode.swift; path = WanderStorePersistence.swift; sourceTree = "<group>"; };
		8BC421EE589B4FAAD045DA9E /* VisitPhotoLocalFileStore.swift */ = {isa = PBXFileReference; lastKnownFileType = sourcecode.swift; path = VisitPhotoLocalFileStore.swift; sourceTree = "<group>"; };
		8DCCB983B40D252D8030F830 /* PlaceProfilePresentation.swift */ = {isa = PBXFileReference; lastKnownFileType = sourcecode.swift; path = PlaceProfilePresentation.swift; sourceTree = "<group>"; };
		93E2F4FC5143D3528581AAB5 /* CountryCanonicalizer.swift */ = {isa = PBXFileReference; lastKnownFileType = sourcecode.swift; path = CountryCanonicalizer.swift; sourceTree = "<group>"; };
		9C22D299879CD27950355753 /* MapKitPlaceResolver.swift */ = {isa = PBXFileReference; lastKnownFileType = sourcecode.swift; path = MapKitPlaceResolver.swift; sourceTree = "<group>"; };
		9E7CF0A6F81DB6C5DAFC4B17 /* PlaceExternalLinksTests.swift */ = {isa = PBXFileReference; lastKnownFileType = sourcecode.swift; path = PlaceExternalLinksTests.swift; sourceTree = "<group>"; };
		A090198414BF253FB326D960 /* SettingsScreen.swift */ = {isa = PBXFileReference; lastKnownFileType = sourcecode.swift; path = SettingsScreen.swift; sourceTree = "<group>"; };
		A1D4B71B065016C4A086B3CC /* ProfileSocialGraphScreen.swift */ = {isa = PBXFileReference; lastKnownFileType = sourcecode.swift; path = ProfileSocialGraphScreen.swift; sourceTree = "<group>"; };
		A28E93E5F5EB428888C45B36 /* AddQuestionTemplates.swift */ = {isa = PBXFileReference; lastKnownFileType = sourcecode.swift; path = AddQuestionTemplates.swift; sourceTree = "<group>"; };
		A6ED62905F6326D6F0D2246E /* WanderPlaceCategoryTests.swift */ = {isa = PBXFileReference; lastKnownFileType = sourcecode.swift; path = WanderPlaceCategoryTests.swift; sourceTree = "<group>"; };
		A71C4596873A503C9978BFC8 /* PlaceProfileMapSurface.swift */ = {isa = PBXFileReference; lastKnownFileType = sourcecode.swift; path = PlaceProfileMapSurface.swift; sourceTree = "<group>"; };
		AB7720F9AA05786E6D66C6D1 /* AddScreen.swift */ = {isa = PBXFileReference; lastKnownFileType = sourcecode.swift; path = AddScreen.swift; sourceTree = "<group>"; };
		AB9594757EC47ACFBA784AE6 /* Auth.xcconfig */ = {isa = PBXFileReference; lastKnownFileType = text.xcconfig; path = Auth.xcconfig; sourceTree = "<group>"; };
		AE9E0413D74DC5421A150467 /* ExtractionCandidateFilterTests.swift */ = {isa = PBXFileReference; lastKnownFileType = sourcecode.swift; path = ExtractionCandidateFilterTests.swift; sourceTree = "<group>"; };
		B35E9F94446528E07DA24AD9 /* ProfileAvatarStorageTests.swift */ = {isa = PBXFileReference; lastKnownFileType = sourcecode.swift; path = ProfileAvatarStorageTests.swift; sourceTree = "<group>"; };
		B89937E9DB59F5F45ECC5375 /* ProfileSettingsViews.swift */ = {isa = PBXFileReference; lastKnownFileType = sourcecode.swift; path = ProfileSettingsViews.swift; sourceTree = "<group>"; };
		C00EA2E6F128127B2CED014D /* WanderFixtures.swift */ = {isa = PBXFileReference; lastKnownFileType = sourcecode.swift; path = WanderFixtures.swift; sourceTree = "<group>"; };
		C0925F17F5640CFD88F70EBA /* SyncStateMachine.swift */ = {isa = PBXFileReference; lastKnownFileType = sourcecode.swift; path = SyncStateMachine.swift; sourceTree = "<group>"; };
		C1AFBD6D06D23BC0C007F77C /* VisibilityPolicyTests.swift */ = {isa = PBXFileReference; lastKnownFileType = sourcecode.swift; path = VisibilityPolicyTests.swift; sourceTree = "<group>"; };
		C3ACC5DD4963E929A9354E95 /* BuildConfigurationTests.swift */ = {isa = PBXFileReference; lastKnownFileType = sourcecode.swift; path = BuildConfigurationTests.swift; sourceTree = "<group>"; };
		CED7D1302D938DD4775E8816 /* LocalModels.swift */ = {isa = PBXFileReference; lastKnownFileType = sourcecode.swift; path = LocalModels.swift; sourceTree = "<group>"; };
		CF4AB698D7C8717206FB36A4 /* ProfileMetadataTagParserTests.swift */ = {isa = PBXFileReference; lastKnownFileType = sourcecode.swift; path = ProfileMetadataTagParserTests.swift; sourceTree = "<group>"; };
		CF55A883DB97E39A4A2D85F2 /* MapScreen.swift */ = {isa = PBXFileReference; lastKnownFileType = sourcecode.swift; path = MapScreen.swift; sourceTree = "<group>"; };
		D1A3B6E88CE5E045D8FA3403 /* PostHogAnalyticsClient.swift */ = {isa = PBXFileReference; lastKnownFileType = sourcecode.swift; path = PostHogAnalyticsClient.swift; sourceTree = "<group>"; };
		D34EA36529858ADD6C880DAE /* BoundaryImportTests.swift */ = {isa = PBXFileReference; lastKnownFileType = sourcecode.swift; path = BoundaryImportTests.swift; sourceTree = "<group>"; };
		D54C8EF64A2C7C57ACBFFFAB /* PlaceActivityMockups.swift */ = {isa = PBXFileReference; lastKnownFileType = sourcecode.swift; path = PlaceActivityMockups.swift; sourceTree = "<group>"; };
		D5665DF2A481AC9A45CE315E /* ContactProvider.swift */ = {isa = PBXFileReference; lastKnownFileType = sourcecode.swift; path = ContactProvider.swift; sourceTree = "<group>"; };
		D5A0C8AFCFBDE5C371CED21E /* PhotoPlaceTextExtractor.swift */ = {isa = PBXFileReference; lastKnownFileType = sourcecode.swift; path = PhotoPlaceTextExtractor.swift; sourceTree = "<group>"; };
		D63987ED78C8738917AB869B /* Info.plist */ = {isa = PBXFileReference; lastKnownFileType = text.plist; path = Info.plist; sourceTree = "<group>"; };
		D6A18F74DCFE0F295B598171 /* Assets.xcassets */ = {isa = PBXFileReference; lastKnownFileType = folder.assetcatalog; path = Assets.xcassets; sourceTree = "<group>"; };
		DC06C31D2307BD2324467750 /* WanderBackendConfiguration.swift */ = {isa = PBXFileReference; lastKnownFileType = sourcecode.swift; path = WanderBackendConfiguration.swift; sourceTree = "<group>"; };
		DE62D76C9EC89546850909A7 /* AnalyticsEvent.swift */ = {isa = PBXFileReference; lastKnownFileType = sourcecode.swift; path = AnalyticsEvent.swift; sourceTree = "<group>"; };
		E04C498EA555370C671CD904 /* PlaceRatingSlider.swift */ = {isa = PBXFileReference; lastKnownFileType = sourcecode.swift; path = PlaceRatingSlider.swift; sourceTree = "<group>"; };
		E4753F17DA5C73EB4353038E /* PlaceRating.swift */ = {isa = PBXFileReference; lastKnownFileType = sourcecode.swift; path = PlaceRating.swift; sourceTree = "<group>"; };
		E635EA909370EB6D597D27AC /* WanderDebugLog.swift */ = {isa = PBXFileReference; lastKnownFileType = sourcecode.swift; path = WanderDebugLog.swift; sourceTree = "<group>"; };
		E850341A28B18117631F62F5 /* WanderBackend.swift */ = {isa = PBXFileReference; lastKnownFileType = sourcecode.swift; path = WanderBackend.swift; sourceTree = "<group>"; };
		ECAA1872AD66E4F03247D987 /* DiscoverModels.swift */ = {isa = PBXFileReference; lastKnownFileType = sourcecode.swift; path = DiscoverModels.swift; sourceTree = "<group>"; };
		EFBB1E0FFAE279FBB7C42FEF /* VisibilityPolicy.swift */ = {isa = PBXFileReference; lastKnownFileType = sourcecode.swift; path = VisibilityPolicy.swift; sourceTree = "<group>"; };
		F24FC798DA90E577118B4BAA /* WanderLocalStore.swift */ = {isa = PBXFileReference; lastKnownFileType = sourcecode.swift; path = WanderLocalStore.swift; sourceTree = "<group>"; };
		F2FCB4F57A21DA1C9CBAA1AD /* MapRegionFitter.swift */ = {isa = PBXFileReference; lastKnownFileType = sourcecode.swift; path = MapRegionFitter.swift; sourceTree = "<group>"; };
		F34E2861127F5EE79AF8571A /* SharedVisitComponents.swift */ = {isa = PBXFileReference; lastKnownFileType = sourcecode.swift; path = SharedVisitComponents.swift; sourceTree = "<group>"; };
		F99048FDB3AD3D79FB6B853D /* LocalListModels.swift */ = {isa = PBXFileReference; lastKnownFileType = sourcecode.swift; path = LocalListModels.swift; sourceTree = "<group>"; };
/* End PBXFileReference section */

/* Begin PBXFrameworksBuildPhase section */
		40CBA97195B00C595FAB4728 /* Frameworks */ = {
			isa = PBXFrameworksBuildPhase;
			buildActionMask = 2147483647;
			files = (
				1F0D588284A12A308B3E26A4 /* PostHog in Frameworks */,
				DF7751B0E499B150900F2027 /* ClerkKit in Frameworks */,
				3DA817E338E98E7ED70B1A67 /* ClerkKitUI in Frameworks */,
				2FCACFADB44361B7435C5793 /* Supabase in Frameworks */,
			);
			runOnlyForDeploymentPostprocessing = 0;
		};
/* End PBXFrameworksBuildPhase section */

/* Begin PBXGroup section */
		04BA9E1910151F8CE097DB8B /* Add */ = {
			isa = PBXGroup;
			children = (
				A28E93E5F5EB428888C45B36 /* AddQuestionTemplates.swift */,
				AB7720F9AA05786E6D66C6D1 /* AddScreen.swift */,
			);
			path = Add;
			sourceTree = "<group>";
		};
		0D634FF2EA3A9ACFF7A2A70B /* SharedVisits */ = {
			isa = PBXGroup;
			children = (
				F34E2861127F5EE79AF8571A /* SharedVisitComponents.swift */,
			);
			path = SharedVisits;
			sourceTree = "<group>";
		};
		0E3F068FDAECC148F80E1433 = {
			isa = PBXGroup;
			children = (
				CE6D74648C6C3ADC5A83C412 /* Wander */,
				50C0A1B97B6E1F27DEE9A6CE /* WanderTests */,
				F2F4ECD0469D370B01FDE9BB /* Products */,
			);
			sourceTree = "<group>";
		};
		15834F66DEF41606BB0DC1EC /* Discover */ = {
			isa = PBXGroup;
			children = (
				0322598C99E44A8C80A90F4E /* DiscoverScreen.swift */,
			);
			path = Discover;
			sourceTree = "<group>";
		};
		1A311A78E3A18425352BE1CB /* Resources */ = {
			isa = PBXGroup;
			children = (
				D6A18F74DCFE0F295B598171 /* Assets.xcassets */,
				D63987ED78C8738917AB869B /* Info.plist */,
				70527AF1590BEF9CB781A16D /* Wander.entitlements */,
			);
			path = Resources;
			sourceTree = "<group>";
		};
		220ECAA9E795A3F5ECA61011 /* Features */ = {
			isa = PBXGroup;
			children = (
				04BA9E1910151F8CE097DB8B /* Add */,
				51C7E203BDC0CA8FD714A568 /* Auth */,
				15834F66DEF41606BB0DC1EC /* Discover */,
				F478F7316D1F4982657E8812 /* Lists */,
				3E0DF1BF4F5C9F3DB4574EC9 /* Map */,
				4A1457E24C108BFE5085D9F7 /* Profile */,
				D655C90336D6F1F9476C0577 /* Settings */,
				0D634FF2EA3A9ACFF7A2A70B /* SharedVisits */,
			);
			path = Features;
			sourceTree = "<group>";
		};
		3B76787CAB2C510DF2FD6FC9 /* Config */ = {
			isa = PBXGroup;
			children = (
				AB9594757EC47ACFBA784AE6 /* Auth.xcconfig */,
			);
			path = Config;
			sourceTree = "<group>";
		};
		3E0DF1BF4F5C9F3DB4574EC9 /* Map */ = {
			isa = PBXGroup;
			children = (
				14E5D0878CAA5887921E1ED1 /* CategoryTaxonomyMockups.swift */,
				CF55A883DB97E39A4A2D85F2 /* MapScreen.swift */,
				D54C8EF64A2C7C57ACBFFFAB /* PlaceActivityMockups.swift */,
				A71C4596873A503C9978BFC8 /* PlaceProfileMapSurface.swift */,
			);
			path = Map;
			sourceTree = "<group>";
		};
		457A280408795AB6E2634B88 /* Remote */ = {
			isa = PBXGroup;
			children = (
				21979B6601194E839F12552D /* SupabaseDTOs.swift */,
				10F65E6837895B0A19DDFAB2 /* SupabaseRepositories.swift */,
				82E12138B68E0CBFA73B271D /* WanderSupabaseClient.swift */,
			);
			path = Remote;
			sourceTree = "<group>";
		};
		4A1457E24C108BFE5085D9F7 /* Profile */ = {
			isa = PBXGroup;
			children = (
				2F6E53AF7F6E50A969880C4C /* ProfileEditScreen.swift */,
				32385DF4A2C769C69C78156B /* ProfileInsightsPresenter.swift */,
				37422B8F2E5F0D4CBE2C20BA /* ProfileOwnerHome.swift */,
				466618F8405CE4321114C0D7 /* ProfileRedesignMockups.swift */,
				5A4CBE5F7AC41BC3C52B6337 /* ProfileScreen.swift */,
				A1D4B71B065016C4A086B3CC /* ProfileSocialGraphScreen.swift */,
			);
			path = Profile;
			sourceTree = "<group>";
		};
		50C0A1B97B6E1F27DEE9A6CE /* WanderTests */ = {
			isa = PBXGroup;
			children = (
				34977B260344994771BCC93E /* AuthSessionTests.swift */,
				D34EA36529858ADD6C880DAE /* BoundaryImportTests.swift */,
				C3ACC5DD4963E929A9354E95 /* BuildConfigurationTests.swift */,
				260AFCEFE1676DA113FBED9A /* DiscoverParserTests.swift */,
				AE9E0413D74DC5421A150467 /* ExtractionCandidateFilterTests.swift */,
				5CFDAE87A1D0B86C01D2FFC2 /* LinkPlaceParserTests.swift */,
				7BE64DFF9AC91875DFF2BD0E /* MapHitTestingTests.swift */,
				3697512B32B506276A012FE2 /* MapRegionFitterTests.swift */,
				15482C29796B02CF92D9B5AD /* NavigationContractTests.swift */,
				2F7C135DE60BED317B033C7E /* PhotoPlaceTextExtractorTests.swift */,
				9E7CF0A6F81DB6C5DAFC4B17 /* PlaceExternalLinksTests.swift */,
				3C27E1F825871B306B970668 /* PlaceProfilePresentationTests.swift */,
				B35E9F94446528E07DA24AD9 /* ProfileAvatarStorageTests.swift */,
				7B8BAADA0C34354EB278F466 /* ProfileInsightsPresenterTests.swift */,
				CF4AB698D7C8717206FB36A4 /* ProfileMetadataTagParserTests.swift */,
				38B79CCA80D059C362EF9946 /* RemoteRepositoryTests.swift */,
				7B4A6B29FC1235EFF60DA19D /* SyncStateMachineTests.swift */,
				3B8C1F5EB6AF68AB6C4BAE54 /* ThemeTokenTests.swift */,
				C1AFBD6D06D23BC0C007F77C /* VisibilityPolicyTests.swift */,
				A6ED62905F6326D6F0D2246E /* WanderPlaceCategoryTests.swift */,
				2F1CF8668571F118A931FD44 /* WanderStoreTests.swift */,
			);
			path = WanderTests;
			sourceTree = "<group>";
		};
		51C7E203BDC0CA8FD714A568 /* Auth */ = {
			isa = PBXGroup;
			children = (
				50BCB996310F4905E98BAAFE /* AuthGateSheet.swift */,
			);
			path = Auth;
			sourceTree = "<group>";
		};
		74079079D5E95AD2E796B1E8 /* DesignSystem */ = {
			isa = PBXGroup;
			children = (
				E04C498EA555370C671CD904 /* PlaceRatingSlider.swift */,
				77C1142E68C7909C2F8E4AFB /* WanderShareButton.swift */,
				1B3AB5F19E8F9650C9E32C1B /* WanderTheme.swift */,
			);
			path = DesignSystem;
			sourceTree = "<group>";
		};
		8C557E8702A1921BE47336BB /* Auth */ = {
			isa = PBXGroup;
			children = (
				17F89709D2B0AA70D438C03C /* AuthSessionProviding.swift */,
				02D27520DAC65997D04CDE1B /* ClerkAuthService.swift */,
			);
			path = Auth;
			sourceTree = "<group>";
		};
		C8403BB176FCA62C7D566901 /* App */ = {
			isa = PBXGroup;
			children = (
				0078639327C81EA5F98400B4 /* WanderApp.swift */,
				E850341A28B18117631F62F5 /* WanderBackend.swift */,
				DC06C31D2307BD2324467750 /* WanderBackendConfiguration.swift */,
				12893CD9516BC58FD7D3BE43 /* WanderRootView.swift */,
			);
			path = App;
			sourceTree = "<group>";
		};
		CE6D74648C6C3ADC5A83C412 /* Wander */ = {
			isa = PBXGroup;
			children = (
				C8403BB176FCA62C7D566901 /* App */,
				3B76787CAB2C510DF2FD6FC9 /* Config */,
				74079079D5E95AD2E796B1E8 /* DesignSystem */,
				220ECAA9E795A3F5ECA61011 /* Features */,
				E8C412A5051CD9CCBE4E8249 /* Models */,
				1A311A78E3A18425352BE1CB /* Resources */,
				FD75AD4E98CEDD964846DCA0 /* Services */,
			);
			path = Wander;
			sourceTree = "<group>";
		};
		D655C90336D6F1F9476C0577 /* Settings */ = {
			isa = PBXGroup;
			children = (
				B89937E9DB59F5F45ECC5375 /* ProfileSettingsViews.swift */,
				A090198414BF253FB326D960 /* SettingsScreen.swift */,
			);
			path = Settings;
			sourceTree = "<group>";
		};
		E8C412A5051CD9CCBE4E8249 /* Models */ = {
			isa = PBXGroup;
			children = (
				93E2F4FC5143D3528581AAB5 /* CountryCanonicalizer.swift */,
				F99048FDB3AD3D79FB6B853D /* LocalListModels.swift */,
				CED7D1302D938DD4775E8816 /* LocalModels.swift */,
				8DCCB983B40D252D8030F830 /* PlaceProfilePresentation.swift */,
				E4753F17DA5C73EB4353038E /* PlaceRating.swift */,
				038D4985674B1D969110954F /* WanderEnums.swift */,
			);
			path = Models;
			sourceTree = "<group>";
		};
		F2F4ECD0469D370B01FDE9BB /* Products */ = {
			isa = PBXGroup;
			children = (
				7A02BE0AE86E482916C8F103 /* Wander.app */,
				317CB1CBE1C6774523775204 /* WanderTests.xctest */,
			);
			name = Products;
			sourceTree = "<group>";
		};
		F478F7316D1F4982657E8812 /* Lists */ = {
			isa = PBXGroup;
			children = (
				0DA94EC62E68038D903E3501 /* ListsScreen.swift */,
			);
			path = Lists;
			sourceTree = "<group>";
		};
		FD75AD4E98CEDD964846DCA0 /* Services */ = {
			isa = PBXGroup;
			children = (
				DE62D76C9EC89546850909A7 /* AnalyticsEvent.swift */,
				D5665DF2A481AC9A45CE315E /* ContactProvider.swift */,
				ECAA1872AD66E4F03247D987 /* DiscoverModels.swift */,
				86041408E563554B57347025 /* LinkPlaceParser.swift */,
				9C22D299879CD27950355753 /* MapKitPlaceResolver.swift */,
				F2FCB4F57A21DA1C9CBAA1AD /* MapRegionFitter.swift */,
				D5A0C8AFCFBDE5C371CED21E /* PhotoPlaceTextExtractor.swift */,
				56F0D3D160FF8337D43E3C2F /* PlaceExternalLinks.swift */,
				D1A3B6E88CE5E045D8FA3403 /* PostHogAnalyticsClient.swift */,
				3993D0CE7A907E02E0B1A590 /* ProfileAvatarStorage.swift */,
				3A8893E8CF16E21653DE03BA /* PushNotificationManager.swift */,
				0E9E2D335495DCCA3943A885 /* RepositoryProtocols.swift */,
				C0925F17F5640CFD88F70EBA /* SyncStateMachine.swift */,
				EFBB1E0FFAE279FBB7C42FEF /* VisibilityPolicy.swift */,
				8BC421EE589B4FAAD045DA9E /* VisitPhotoLocalFileStore.swift */,
				E635EA909370EB6D597D27AC /* WanderDebugLog.swift */,
				C00EA2E6F128127B2CED014D /* WanderFixtures.swift */,
				F24FC798DA90E577118B4BAA /* WanderLocalStore.swift */,
				6E38429E654223C87319C7AB /* WanderPlaceCategory.swift */,
				8930E1796F6C94740DFFF448 /* WanderStorePersistence.swift */,
				8C557E8702A1921BE47336BB /* Auth */,
				457A280408795AB6E2634B88 /* Remote */,
			);
			path = Services;
			sourceTree = "<group>";
		};
/* End PBXGroup section */

/* Begin PBXNativeTarget section */
		0A325A118755573578F89F15 /* WanderTests */ = {
			isa = PBXNativeTarget;
			buildConfigurationList = 0ED2594294971F381BE0136A /* Build configuration list for PBXNativeTarget "WanderTests" */;
			buildPhases = (
				8F2696591ED3034AEB25A26D /* Sources */,
			);
			buildRules = (
			);
			dependencies = (
				12343BFB235E678E7F061746 /* PBXTargetDependency */,
			);
			name = WanderTests;
			packageProductDependencies = (
			);
			productName = WanderTests;
			productReference = 317CB1CBE1C6774523775204 /* WanderTests.xctest */;
			productType = "com.apple.product-type.bundle.unit-test";
		};
		DAEABFB4D177DCC30394FDDE /* Wander */ = {
			isa = PBXNativeTarget;
			buildConfigurationList = 48F40F5E41FF1B36B60E64DD /* Build configuration list for PBXNativeTarget "Wander" */;
			buildPhases = (
				253A78D5C405C147FE022694 /* Sources */,
				565C39457D48A6461B4D97A9 /* Resources */,
				40CBA97195B00C595FAB4728 /* Frameworks */,
			);
			buildRules = (
			);
			dependencies = (
			);
			name = Wander;
			packageProductDependencies = (
				CF6EFF560365043CF67F3324 /* PostHog */,
				8988486B1914A6E2FBB405A6 /* ClerkKit */,
				F81D752928A4F01332482548 /* ClerkKitUI */,
				9166766790578B44B8D3597A /* Supabase */,
			);
			productName = Wander;
			productReference = 7A02BE0AE86E482916C8F103 /* Wander.app */;
			productType = "com.apple.product-type.application";
		};
/* End PBXNativeTarget section */

/* Begin PBXProject section */
		15ACB6487E48F756B4649314 /* Project object */ = {
			isa = PBXProject;
			attributes = {
				BuildIndependentTargetsInParallel = YES;
				LastUpgradeCheck = 1430;
				TargetAttributes = {
					0A325A118755573578F89F15 = {
						DevelopmentTeam = Y7TVK75RZ8;
					};
					DAEABFB4D177DCC30394FDDE = {
						DevelopmentTeam = Y7TVK75RZ8;
					};
				};
			};
			buildConfigurationList = F9B4DCBD13A5F3108CE22518 /* Build configuration list for PBXProject "Wander" */;
			developmentRegion = en;
			hasScannedForEncodings = 0;
			knownRegions = (
				Base,
				en,
			);
			mainGroup = 0E3F068FDAECC148F80E1433;
			minimizedProjectReferenceProxies = 1;
			packageReferences = (
				4DAE0591BAF858C9B2A7D697 /* XCRemoteSwiftPackageReference "clerk-ios" */,
				E38B95811738BE0E0051BBBF /* XCRemoteSwiftPackageReference "posthog-ios" */,
				82400502D061751C471C0A3D /* XCRemoteSwiftPackageReference "supabase-swift" */,
			);
			preferredProjectObjectVersion = 77;
			productRefGroup = F2F4ECD0469D370B01FDE9BB /* Products */;
			projectDirPath = "";
			projectRoot = "";
			targets = (
				DAEABFB4D177DCC30394FDDE /* Wander */,
				0A325A118755573578F89F15 /* WanderTests */,
			);
		};
/* End PBXProject section */

/* Begin PBXResourcesBuildPhase section */
		565C39457D48A6461B4D97A9 /* Resources */ = {
			isa = PBXResourcesBuildPhase;
			buildActionMask = 2147483647;
			files = (
				9BDDE72CA80B33CAFC0EFD17 /* Assets.xcassets in Resources */,
			);
			runOnlyForDeploymentPostprocessing = 0;
		};
/* End PBXResourcesBuildPhase section */

/* Begin PBXSourcesBuildPhase section */
		253A78D5C405C147FE022694 /* Sources */ = {
			isa = PBXSourcesBuildPhase;
			buildActionMask = 2147483647;
			files = (
				2EC61D518D9913AD24235D5B /* AddQuestionTemplates.swift in Sources */,
				7EAAF1336D42DE0DB9D236F9 /* AddScreen.swift in Sources */,
				6E92ECEF915365AE40170F7E /* AnalyticsEvent.swift in Sources */,
				9B51E6EC8F138E5DA3ACC16C /* AuthGateSheet.swift in Sources */,
				A56DA6AA1F21129F21800DED /* AuthSessionProviding.swift in Sources */,
				D74C628657DB5DC13C5CB1ED /* CategoryTaxonomyMockups.swift in Sources */,
				1C59AF053BAE53C75405C6A7 /* ClerkAuthService.swift in Sources */,
				A8710E56BE6DB7AA89C9AD66 /* ContactProvider.swift in Sources */,
				00921780015C7C463869A1E9 /* CountryCanonicalizer.swift in Sources */,
				1B7020D5DE060F6868A92ED9 /* DiscoverModels.swift in Sources */,
				812F84570207D139A528319C /* DiscoverScreen.swift in Sources */,
				05CD519FB3F114E951C4D2DE /* LinkPlaceParser.swift in Sources */,
				2E4B3E45711537662297A152 /* ListsScreen.swift in Sources */,
				2EB296C93578FE337D715ED9 /* LocalListModels.swift in Sources */,
				AF5D0849C43DDC7D8AA7A9BF /* LocalModels.swift in Sources */,
				9783D57D5D22581B19B01C05 /* MapKitPlaceResolver.swift in Sources */,
				AD4AA98EFE3113857F5A9854 /* MapRegionFitter.swift in Sources */,
				BC07AB3F1E3B95100DB6F3F0 /* MapScreen.swift in Sources */,
				85AADE6CC89E67EF821CA62E /* PhotoPlaceTextExtractor.swift in Sources */,
				540000F274D1FCB982BDC69F /* PlaceActivityMockups.swift in Sources */,
				89DD4F9F93B8FFA91B6B350B /* PlaceExternalLinks.swift in Sources */,
				A336C5CBD69909715BC3730D /* PlaceProfileMapSurface.swift in Sources */,
				9FBB0F26F26D0A3C74556000 /* PlaceProfilePresentation.swift in Sources */,
				8FC6E5AF64993C4B3DB8C4E9 /* PlaceRating.swift in Sources */,
				20FEE2E3747CBDB49F6500D1 /* PlaceRatingSlider.swift in Sources */,
				B84BABB0A3FC62E816F68710 /* PostHogAnalyticsClient.swift in Sources */,
				624B7434FC70AF6F3EE1EB94 /* ProfileAvatarStorage.swift in Sources */,
				06454DA85E1AFBEE71EBCA2D /* ProfileEditScreen.swift in Sources */,
				8C199C879B404C2660D9571D /* ProfileInsightsPresenter.swift in Sources */,
				1EE3B1F3E6390358B764C2BE /* ProfileOwnerHome.swift in Sources */,
				6F22AE424BA53E5AC8514E7A /* ProfileRedesignMockups.swift in Sources */,
				C212DC4C46E67610E6FE2A94 /* ProfileScreen.swift in Sources */,
				9B649999DC81D7A85B0A478F /* ProfileSettingsViews.swift in Sources */,
				64E0C0CFA76A1B6E6B093734 /* ProfileSocialGraphScreen.swift in Sources */,
				356FDFF2DB88012D0DB2AA7A /* PushNotificationManager.swift in Sources */,
				A586AFE40AEFCE74B711BAA5 /* RepositoryProtocols.swift in Sources */,
				13E758A98CE1235F8E35D5C9 /* SettingsScreen.swift in Sources */,
				9A2B61C3874341AE3A94072F /* SharedVisitComponents.swift in Sources */,
				E4B474B631166BEA26F3C833 /* SupabaseDTOs.swift in Sources */,
				FDC3BBDAB70F2C27C113113B /* SupabaseRepositories.swift in Sources */,
				52B8AC44581CEA630201DEB3 /* SyncStateMachine.swift in Sources */,
				D659F5CBC1EEB692D6216008 /* VisibilityPolicy.swift in Sources */,
				52D02001E5ABD10E7917EFFF /* VisitPhotoLocalFileStore.swift in Sources */,
				E675767BE5C249B99B816B74 /* WanderApp.swift in Sources */,
				1B5F7AE1882A1C2C51D99E92 /* WanderBackend.swift in Sources */,
				C685CB14B12B2AFDFC9F4EAB /* WanderBackendConfiguration.swift in Sources */,
				11CAC84A6F513A131FA36181 /* WanderDebugLog.swift in Sources */,
				03461155119042D6739D7619 /* WanderEnums.swift in Sources */,
				494E2C67824F5DC9AFBDC46C /* WanderFixtures.swift in Sources */,
				9800E02122FDAD2796619FC8 /* WanderLocalStore.swift in Sources */,
				09CE52B8DBA9E3B313E86B4C /* WanderPlaceCategory.swift in Sources */,
				1892B85AE93D8064CAA26A43 /* WanderRootView.swift in Sources */,
				D127EAD44B01688CDA0D55D2 /* WanderShareButton.swift in Sources */,
				5E4B71CB254F3580D462444C /* WanderStorePersistence.swift in Sources */,
				DB1ADA31521F086BAA7D9A92 /* WanderSupabaseClient.swift in Sources */,
				3CF5CCC68B3176026CC6C517 /* WanderTheme.swift in Sources */,
			);
			runOnlyForDeploymentPostprocessing = 0;
		};
		8F2696591ED3034AEB25A26D /* Sources */ = {
			isa = PBXSourcesBuildPhase;
			buildActionMask = 2147483647;
			files = (
				C8D2FFF66F5C88B37018FFBC /* AuthSessionTests.swift in Sources */,
				0E8F681583533012E44915CC /* BoundaryImportTests.swift in Sources */,
				940CAA6829765C20043647D3 /* BuildConfigurationTests.swift in Sources */,
				74A35271B61D71C5E6823428 /* DiscoverParserTests.swift in Sources */,
				7AE6B55E9D5E343894865F0B /* ExtractionCandidateFilterTests.swift in Sources */,
				26573736780BA54719E0F7EC /* LinkPlaceParserTests.swift in Sources */,
				585EF6A4AC3B56563BD53412 /* MapHitTestingTests.swift in Sources */,
				9C15BF59C16941E63DE71FF0 /* MapRegionFitterTests.swift in Sources */,
				4852690B9E162276A1564F4A /* NavigationContractTests.swift in Sources */,
				091449D11FBA897F223C76C9 /* PhotoPlaceTextExtractorTests.swift in Sources */,
				AF13291EF0063A544605486A /* PlaceExternalLinksTests.swift in Sources */,
				25D95FE2C19A7AC94B8FAF01 /* PlaceProfilePresentationTests.swift in Sources */,
				C04D00FF2C508036A0003D84 /* ProfileAvatarStorageTests.swift in Sources */,
				16C50D466E2E66EA03E038C4 /* ProfileInsightsPresenterTests.swift in Sources */,
				BC27BD6C9E2995A175F52958 /* ProfileMetadataTagParserTests.swift in Sources */,
				63D03A5DB6608EC245B1087E /* RemoteRepositoryTests.swift in Sources */,
				802B6E19ED265CAD0AE34C82 /* SyncStateMachineTests.swift in Sources */,
				F1A980E1C39359FCE8D7495D /* ThemeTokenTests.swift in Sources */,
				13E38F0F2359AD89CE1F8C7D /* VisibilityPolicyTests.swift in Sources */,
				73924B066BD7D0F8917C6F09 /* WanderPlaceCategoryTests.swift in Sources */,
				6C035ED0288DBF6D7F44666C /* WanderStoreTests.swift in Sources */,
			);
			runOnlyForDeploymentPostprocessing = 0;
		};
/* End PBXSourcesBuildPhase section */

/* Begin PBXTargetDependency section */
		12343BFB235E678E7F061746 /* PBXTargetDependency */ = {
			isa = PBXTargetDependency;
			target = DAEABFB4D177DCC30394FDDE /* Wander */;
			targetProxy = D1BA836BC8EBA25E01F6F554 /* PBXContainerItemProxy */;
		};
/* End PBXTargetDependency section */

/* Begin XCBuildConfiguration section */
		1E3A51C39136BA462B778946 /* Debug */ = {
			isa = XCBuildConfiguration;
			baseConfigurationReference = AB9594757EC47ACFBA784AE6 /* Auth.xcconfig */;
			buildSettings = {
				APS_ENVIRONMENT = development;
				ASSETCATALOG_COMPILER_APPICON_NAME = AppIcon;
				CODE_SIGN_ENTITLEMENTS = Wander/Resources/Wander.entitlements;
				CURRENT_PROJECT_VERSION = 74;
				ENABLE_TESTABILITY = YES;
				GENERATE_INFOPLIST_FILE = NO;
				INFOPLIST_FILE = Wander/Resources/Info.plist;
				LD_RUNPATH_SEARCH_PATHS = (
					"$(inherited)",
					"@executable_path/Frameworks",
				);
				MARKETING_VERSION = 0.1;
				ONLY_ACTIVE_ARCH = YES;
				PRODUCT_BUNDLE_IDENTIFIER = com.grayline.wander;
				PRODUCT_NAME = Wander;
				SWIFT_ACTIVE_COMPILATION_CONDITIONS = DEBUG;
				SWIFT_OPTIMIZATION_LEVEL = "-Onone";
				TARGETED_DEVICE_FAMILY = 1;
			};
			name = Debug;
		};
		98BE6269A1618DE2ECCB47B5 /* Release */ = {
			isa = XCBuildConfiguration;
			buildSettings = {
				DEVELOPMENT_TEAM = Y7TVK75RZ8;
				IPHONEOS_DEPLOYMENT_TARGET = 17.0;
				SDKROOT = iphoneos;
				SWIFT_VERSION = 6.0;
				WANDER_CLERK_FRONTEND_API = "growing-pheasant-22.clerk.accounts.dev";
				WANDER_SUPABASE_URL = "https://rugmtlgufrhlxwfkumhw.supabase.co";
			};
			name = Release;
		};
		98C77DC356FB1881F7298017 /* Debug */ = {
			isa = XCBuildConfiguration;
			buildSettings = {
				DEVELOPMENT_TEAM = Y7TVK75RZ8;
				IPHONEOS_DEPLOYMENT_TARGET = 17.0;
				SDKROOT = iphoneos;
				SWIFT_VERSION = 6.0;
				WANDER_CLERK_FRONTEND_API = "growing-pheasant-22.clerk.accounts.dev";
				WANDER_SUPABASE_URL = "https://rugmtlgufrhlxwfkumhw.supabase.co";
			};
			name = Debug;
		};
		C2ACB46E283FC2C1E4813F26 /* Debug */ = {
			isa = XCBuildConfiguration;
			buildSettings = {
				BUNDLE_LOADER = "$(TEST_HOST)";
				LD_RUNPATH_SEARCH_PATHS = (
					"$(inherited)",
					"@executable_path/Frameworks",
					"@loader_path/Frameworks",
				);
				ONLY_ACTIVE_ARCH = YES;
				PRODUCT_BUNDLE_IDENTIFIER = com.grayline.wander.tests;
				PRODUCT_NAME = WanderTests;
				SWIFT_ACTIVE_COMPILATION_CONDITIONS = DEBUG;
				SWIFT_OPTIMIZATION_LEVEL = "-Onone";
				TEST_HOST = "$(BUILT_PRODUCTS_DIR)/Wander.app/Wander";
			};
			name = Debug;
		};
		C514CDA863C7F4D1F8C6CF5E /* Release */ = {
			isa = XCBuildConfiguration;
			baseConfigurationReference = AB9594757EC47ACFBA784AE6 /* Auth.xcconfig */;
			buildSettings = {
				APS_ENVIRONMENT = production;
				ASSETCATALOG_COMPILER_APPICON_NAME = AppIcon;
				CODE_SIGN_ENTITLEMENTS = Wander/Resources/Wander.entitlements;
				CURRENT_PROJECT_VERSION = 74;
				GENERATE_INFOPLIST_FILE = NO;
				INFOPLIST_FILE = Wander/Resources/Info.plist;
				LD_RUNPATH_SEARCH_PATHS = (
					"$(inherited)",
					"@executable_path/Frameworks",
				);
				MARKETING_VERSION = 0.1;
				PRODUCT_BUNDLE_IDENTIFIER = com.grayline.wander;
				PRODUCT_NAME = Wander;
				SWIFT_COMPILATION_MODE = wholemodule;
				SWIFT_OPTIMIZATION_LEVEL = "-O";
				TARGETED_DEVICE_FAMILY = 1;
			};
			name = Release;
		};
		CCEF3E49E4C9F33F43DC74E8 /* Release */ = {
			isa = XCBuildConfiguration;
			buildSettings = {
				BUNDLE_LOADER = "$(TEST_HOST)";
				LD_RUNPATH_SEARCH_PATHS = (
					"$(inherited)",
					"@executable_path/Frameworks",
					"@loader_path/Frameworks",
				);
				PRODUCT_BUNDLE_IDENTIFIER = com.grayline.wander.tests;
				PRODUCT_NAME = WanderTests;
				TEST_HOST = "$(BUILT_PRODUCTS_DIR)/Wander.app/Wander";
			};
			name = Release;
		};
/* End XCBuildConfiguration section */

/* Begin XCConfigurationList section */
		0ED2594294971F381BE0136A /* Build configuration list for PBXNativeTarget "WanderTests" */ = {
			isa = XCConfigurationList;
			buildConfigurations = (
				C2ACB46E283FC2C1E4813F26 /* Debug */,
				CCEF3E49E4C9F33F43DC74E8 /* Release */,
			);
			defaultConfigurationIsVisible = 0;
			defaultConfigurationName = Debug;
		};
		48F40F5E41FF1B36B60E64DD /* Build configuration list for PBXNativeTarget "Wander" */ = {
			isa = XCConfigurationList;
			buildConfigurations = (
				1E3A51C39136BA462B778946 /* Debug */,
				C514CDA863C7F4D1F8C6CF5E /* Release */,
			);
			defaultConfigurationIsVisible = 0;
			defaultConfigurationName = Debug;
		};
		F9B4DCBD13A5F3108CE22518 /* Build configuration list for PBXProject "Wander" */ = {
			isa = XCConfigurationList;
			buildConfigurations = (
				98C77DC356FB1881F7298017 /* Debug */,
				98BE6269A1618DE2ECCB47B5 /* Release */,
			);
			defaultConfigurationIsVisible = 0;
			defaultConfigurationName = Debug;
		};
/* End XCConfigurationList section */

/* Begin XCRemoteSwiftPackageReference section */
		4DAE0591BAF858C9B2A7D697 /* XCRemoteSwiftPackageReference "clerk-ios" */ = {
			isa = XCRemoteSwiftPackageReference;
			repositoryURL = "https://github.com/clerk/clerk-ios";
			requirement = {
				kind = upToNextMajorVersion;
				minimumVersion = 1.1.3;
			};
		};
		82400502D061751C471C0A3D /* XCRemoteSwiftPackageReference "supabase-swift" */ = {
			isa = XCRemoteSwiftPackageReference;
			repositoryURL = "https://github.com/supabase/supabase-swift.git";
			requirement = {
				kind = upToNextMajorVersion;
				minimumVersion = 2.46.0;
			};
		};
		E38B95811738BE0E0051BBBF /* XCRemoteSwiftPackageReference "posthog-ios" */ = {
			isa = XCRemoteSwiftPackageReference;
			repositoryURL = "https://github.com/PostHog/posthog-ios.git";
			requirement = {
				kind = upToNextMajorVersion;
				minimumVersion = 3.59.3;
			};
		};
/* End XCRemoteSwiftPackageReference section */

/* Begin XCSwiftPackageProductDependency section */
		8988486B1914A6E2FBB405A6 /* ClerkKit */ = {
			isa = XCSwiftPackageProductDependency;
			package = 4DAE0591BAF858C9B2A7D697 /* XCRemoteSwiftPackageReference "clerk-ios" */;
			productName = ClerkKit;
		};
		9166766790578B44B8D3597A /* Supabase */ = {
			isa = XCSwiftPackageProductDependency;
			package = 82400502D061751C471C0A3D /* XCRemoteSwiftPackageReference "supabase-swift" */;
			productName = Supabase;
		};
		CF6EFF560365043CF67F3324 /* PostHog */ = {
			isa = XCSwiftPackageProductDependency;
			package = E38B95811738BE0E0051BBBF /* XCRemoteSwiftPackageReference "posthog-ios" */;
			productName = PostHog;
		};
		F81D752928A4F01332482548 /* ClerkKitUI */ = {
			isa = XCSwiftPackageProductDependency;
			package = 4DAE0591BAF858C9B2A7D697 /* XCRemoteSwiftPackageReference "clerk-ios" */;
			productName = ClerkKitUI;
		};
/* End XCSwiftPackageProductDependency section */
	};
	rootObject = 15ACB6487E48F756B4649314 /* Project object */;
}
